// !$*UTF8*$!
{
	archiveVersion = 1;
	classes = {
	};
	objectVersion = 46;
	objects = {

/* Begin PBXBuildFile section */
		06837668AB12AE6C9113214D /* Pods_WiredArticlesApp.framework in Frameworks */ = {isa = PBXBuildFile; fileRef = 8A957E6A76BC92219039D5A3 /* Pods_WiredArticlesApp.framework */; };
		3B4813FA1F42192E00563A4E /* cellModel.swift in Sources */ = {isa = PBXBuildFile; fileRef = 3B4813F91F42192E00563A4E /* cellModel.swift */; };
		3B4813FE1F425D4300563A4E /* articlePageViewController.swift in Sources */ = {isa = PBXBuildFile; fileRef = 3B4813FD1F425D4300563A4E /* articlePageViewController.swift */; };
		3B55522F1F38F1EB00C8E26F /* AppDelegate.swift in Sources */ = {isa = PBXBuildFile; fileRef = 3B55522E1F38F1EB00C8E26F /* AppDelegate.swift */; };
		3B5552311F38F1EB00C8E26F /* ViewController.swift in Sources */ = {isa = PBXBuildFile; fileRef = 3B5552301F38F1EB00C8E26F /* ViewController.swift */; };
		3B5552341F38F1EB00C8E26F /* Main.storyboard in Resources */ = {isa = PBXBuildFile; fileRef = 3B5552321F38F1EB00C8E26F /* Main.storyboard */; };
		3B5552361F38F1EB00C8E26F /* Assets.xcassets in Resources */ = {isa = PBXBuildFile; fileRef = 3B5552351F38F1EB00C8E26F /* Assets.xcassets */; };
		3B5552391F38F1EB00C8E26F /* LaunchScreen.storyboard in Resources */ = {isa = PBXBuildFile; fileRef = 3B5552371F38F1EB00C8E26F /* LaunchScreen.storyboard */; };
		3BD3AB521F3F4C28006A34DE /* articleModel.swift in Sources */ = {isa = PBXBuildFile; fileRef = 3BD3AB511F3F4C28006A34DE /* articleModel.swift */; };
		77C339A71F45D5D500948F6D /* requestTranslationModel.swift in Sources */ = {isa = PBXBuildFile; fileRef = 77C339A61F45D5D500948F6D /* requestTranslationModel.swift */; };
/* End PBXBuildFile section */

/* Begin PBXFileReference section */
		19A55D13928AFE96670EF105 /* Pods-WiredArticlesApp.release.xcconfig */ = {isa = PBXFileReference; includeInIndex = 1; lastKnownFileType = text.xcconfig; name = "Pods-WiredArticlesApp.release.xcconfig"; path = "Pods/Target Support Files/Pods-WiredArticlesApp/Pods-WiredArticlesApp.release.xcconfig"; sourceTree = "<group>"; };
		3B4813F91F42192E00563A4E /* cellModel.swift */ = {isa = PBXFileReference; fileEncoding = 4; lastKnownFileType = sourcecode.swift; path = cellModel.swift; sourceTree = "<group>"; };
		3B4813FD1F425D4300563A4E /* articlePageViewController.swift */ = {isa = PBXFileReference; fileEncoding = 4; lastKnownFileType = sourcecode.swift; path = articlePageViewController.swift; sourceTree = "<group>"; };
		3B55522B1F38F1EB00C8E26F /* WiredArticlesApp.app */ = {isa = PBXFileReference; explicitFileType = wrapper.application; includeInIndex = 0; path = WiredArticlesApp.app; sourceTree = BUILT_PRODUCTS_DIR; };
		3B55522E1F38F1EB00C8E26F /* AppDelegate.swift */ = {isa = PBXFileReference; lastKnownFileType = sourcecode.swift; path = AppDelegate.swift; sourceTree = "<group>"; };
		3B5552301F38F1EB00C8E26F /* ViewController.swift */ = {isa = PBXFileReference; lastKnownFileType = sourcecode.swift; path = ViewController.swift; sourceTree = "<group>"; };
		3B5552331F38F1EB00C8E26F /* Base */ = {isa = PBXFileReference; lastKnownFileType = file.storyboard; name = Base; path = Base.lproj/Main.storyboard; sourceTree = "<group>"; };
		3B5552351F38F1EB00C8E26F /* Assets.xcassets */ = {isa = PBXFileReference; lastKnownFileType = folder.assetcatalog; path = Assets.xcassets; sourceTree = "<group>"; };
		3B5552381F38F1EB00C8E26F /* Base */ = {isa = PBXFileReference; lastKnownFileType = file.storyboard; name = Base; path = Base.lproj/LaunchScreen.storyboard; sourceTree = "<group>"; };
		3B55523A1F38F1EB00C8E26F /* Info.plist */ = {isa = PBXFileReference; lastKnownFileType = text.plist.xml; path = Info.plist; sourceTree = "<group>"; };
		3BD3AB511F3F4C28006A34DE /* articleModel.swift */ = {isa = PBXFileReference; fileEncoding = 4; lastKnownFileType = sourcecode.swift; path = articleModel.swift; sourceTree = "<group>"; };
		77C339A61F45D5D500948F6D /* requestTranslationModel.swift */ = {isa = PBXFileReference; fileEncoding = 4; lastKnownFileType = sourcecode.swift; path = requestTranslationModel.swift; sourceTree = "<group>"; };
		8A957E6A76BC92219039D5A3 /* Pods_WiredArticlesApp.framework */ = {isa = PBXFileReference; explicitFileType = wrapper.framework; includeInIndex = 0; path = Pods_WiredArticlesApp.framework; sourceTree = BUILT_PRODUCTS_DIR; };
		F9E227009BDD467001609D4A /* Pods-WiredArticlesApp.debug.xcconfig */ = {isa = PBXFileReference; includeInIndex = 1; lastKnownFileType = text.xcconfig; name = "Pods-WiredArticlesApp.debug.xcconfig"; path = "Pods/Target Support Files/Pods-WiredArticlesApp/Pods-WiredArticlesApp.debug.xcconfig"; sourceTree = "<group>"; };
/* End PBXFileReference section */

/* Begin PBXFrameworksBuildPhase section */
		3B5552281F38F1EB00C8E26F /* Frameworks */ = {
			isa = PBXFrameworksBuildPhase;
			buildActionMask = 2147483647;
			files = (
				06837668AB12AE6C9113214D /* Pods_WiredArticlesApp.framework in Frameworks */,
			);
			runOnlyForDeploymentPostprocessing = 0;
		};
/* End PBXFrameworksBuildPhase section */

/* Begin PBXGroup section */
		3B4813F81F42176B00563A4E /* Models */ = {
			isa = PBXGroup;
			children = (
				3BD3AB511F3F4C28006A34DE /* articleModel.swift */,
				3B4813F91F42192E00563A4E /* cellModel.swift */,
				77C339A61F45D5D500948F6D /* requestTranslationModel.swift */,
			);
			name = Models;
			sourceTree = "<group>";
		};
		3B5552221F38F1EB00C8E26F = {
			isa = PBXGroup;
			children = (
				3B55522D1F38F1EB00C8E26F /* WiredArticlesApp */,
				3B55522C1F38F1EB00C8E26F /* Products */,
				9AE6EF09395DF2BBEAFD3B71 /* Pods */,
				4466EB4F53EE23C210CD4A27 /* Frameworks */,
			);
			sourceTree = "<group>";
		};
		3B55522C1F38F1EB00C8E26F /* Products */ = {
			isa = PBXGroup;
			children = (
				3B55522B1F38F1EB00C8E26F /* WiredArticlesApp.app */,
			);
			name = Products;
			sourceTree = "<group>";
		};
		3B55522D1F38F1EB00C8E26F /* WiredArticlesApp */ = {
			isa = PBXGroup;
			children = (
				3B4813F81F42176B00563A4E /* Models */,
				3B55522E1F38F1EB00C8E26F /* AppDelegate.swift */,
				3B5552301F38F1EB00C8E26F /* ViewController.swift */,
				3B5552321F38F1EB00C8E26F /* Main.storyboard */,
				3B5552351F38F1EB00C8E26F /* Assets.xcassets */,
				3B5552371F38F1EB00C8E26F /* LaunchScreen.storyboard */,
				3B55523A1F38F1EB00C8E26F /* Info.plist */,
				3B4813FD1F425D4300563A4E /* articlePageViewController.swift */,
			);
			path = WiredArticlesApp;
			sourceTree = "<group>";
		};
		4466EB4F53EE23C210CD4A27 /* Frameworks */ = {
			isa = PBXGroup;
			children = (
				8A957E6A76BC92219039D5A3 /* Pods_WiredArticlesApp.framework */,
			);
			name = Frameworks;
			sourceTree = "<group>";
		};
		9AE6EF09395DF2BBEAFD3B71 /* Pods */ = {
			isa = PBXGroup;
			children = (
				F9E227009BDD467001609D4A /* Pods-WiredArticlesApp.debug.xcconfig */,
				19A55D13928AFE96670EF105 /* Pods-WiredArticlesApp.release.xcconfig */,
			);
			name = Pods;
			sourceTree = "<group>";
		};
/* End PBXGroup section */

/* Begin PBXNativeTarget section */
		3B55522A1F38F1EB00C8E26F /* WiredArticlesApp */ = {
			isa = PBXNativeTarget;
			buildConfigurationList = 3B55523D1F38F1EB00C8E26F /* Build configuration list for PBXNativeTarget "WiredArticlesApp" */;
			buildPhases = (
				FF940B7F93257A81BB28329F /* [CP] Check Pods Manifest.lock */,
				3B5552271F38F1EB00C8E26F /* Sources */,
				3B5552281F38F1EB00C8E26F /* Frameworks */,
				3B5552291F38F1EB00C8E26F /* Resources */,
				F6AE2B2476731224A0022464 /* [CP] Embed Pods Frameworks */,
				F4386C81C6DEBB3450F33AE7 /* [CP] Copy Pods Resources */,
			);
			buildRules = (
			);
			dependencies = (
			);
			name = WiredArticlesApp;
			productName = WiredArticlesApp;
			productReference = 3B55522B1F38F1EB00C8E26F /* WiredArticlesApp.app */;
			productType = "com.apple.product-type.application";
		};
/* End PBXNativeTarget section */

/* Begin PBXProject section */
		3B5552231F38F1EB00C8E26F /* Project object */ = {
			isa = PBXProject;
			attributes = {
				LastSwiftUpdateCheck = 0830;
				LastUpgradeCheck = 0830;
				ORGANIZATIONNAME = Olmaditekrar;
				TargetAttributes = {
					3B55522A1F38F1EB00C8E26F = {
						CreatedOnToolsVersion = 8.3.2;
						DevelopmentTeam = SJYB86L23S;
						ProvisioningStyle = Automatic;
					};
				};
			};
			buildConfigurationList = 3B5552261F38F1EB00C8E26F /* Build configuration list for PBXProject "WiredArticlesApp" */;
			compatibilityVersion = "Xcode 3.2";
			developmentRegion = English;
			hasScannedForEncodings = 0;
			knownRegions = (
				en,
				Base,
			);
			mainGroup = 3B5552221F38F1EB00C8E26F;
			productRefGroup = 3B55522C1F38F1EB00C8E26F /* Products */;
			projectDirPath = "";
			projectRoot = "";
			targets = (
				3B55522A1F38F1EB00C8E26F /* WiredArticlesApp */,
			);
		};
/* End PBXProject section */

/* Begin PBXResourcesBuildPhase section */
		3B5552291F38F1EB00C8E26F /* Resources */ = {
			isa = PBXResourcesBuildPhase;
			buildActionMask = 2147483647;
			files = (
				3B5552391F38F1EB00C8E26F /* LaunchScreen.storyboard in Resources */,
				3B5552361F38F1EB00C8E26F /* Assets.xcassets in Resources */,
				3B5552341F38F1EB00C8E26F /* Main.storyboard in Resources */,
			);
			runOnlyForDeploymentPostprocessing = 0;
		};
/* End PBXResourcesBuildPhase section */

/* Begin PBXShellScriptBuildPhase section */
		F4386C81C6DEBB3450F33AE7 /* [CP] Copy Pods Resources */ = {
			isa = PBXShellScriptBuildPhase;
			buildActionMask = 2147483647;
			files = (
			);
			inputPaths = (
			);
			name = "[CP] Copy Pods Resources";
			outputPaths = (
			);
			runOnlyForDeploymentPostprocessing = 0;
			shellPath = /bin/sh;
			shellScript = "\"${SRCROOT}/Pods/Target Support Files/Pods-WiredArticlesApp/Pods-WiredArticlesApp-resources.sh\"\n";
			showEnvVarsInLog = 0;
		};
		F6AE2B2476731224A0022464 /* [CP] Embed Pods Frameworks */ = {
			isa = PBXShellScriptBuildPhase;
			buildActionMask = 2147483647;
			files = (
			);
			inputPaths = (
				"${SRCROOT}/Pods/Target Support Files/Pods-WiredArticlesApp/Pods-WiredArticlesApp-frameworks.sh",
				"${BUILT_PRODUCTS_DIR}/ROGoogleTranslate/ROGoogleTranslate.framework",
				"${BUILT_PRODUCTS_DIR}/SwiftSoup/SwiftSoup.framework",
			);
			name = "[CP] Embed Pods Frameworks";
			outputPaths = (
				"${TARGET_BUILD_DIR}/${FRAMEWORKS_FOLDER_PATH}/ROGoogleTranslate.framework",
				"${TARGET_BUILD_DIR}/${FRAMEWORKS_FOLDER_PATH}/SwiftSoup.framework",
			);
			runOnlyForDeploymentPostprocessing = 0;
			shellPath = /bin/sh;
			shellScript = "\"${SRCROOT}/Pods/Target Support Files/Pods-WiredArticlesApp/Pods-WiredArticlesApp-frameworks.sh\"\n";
			showEnvVarsInLog = 0;
		};
		FF940B7F93257A81BB28329F /* [CP] Check Pods Manifest.lock */ = {
			isa = PBXShellScriptBuildPhase;
			buildActionMask = 2147483647;
			files = (
			);
			inputPaths = (
				"${PODS_PODFILE_DIR_PATH}/Podfile.lock",
				"${PODS_ROOT}/Manifest.lock",
			);
			name = "[CP] Check Pods Manifest.lock";
			outputPaths = (
				"$(DERIVED_FILE_DIR)/Pods-WiredArticlesApp-checkManifestLockResult.txt",
			);
			runOnlyForDeploymentPostprocessing = 0;
			shellPath = /bin/sh;
			shellScript = "diff \"${PODS_PODFILE_DIR_PATH}/Podfile.lock\" \"${PODS_ROOT}/Manifest.lock\" > /dev/null\nif [ $? != 0 ] ; then\n    # print error to STDERR\n    echo \"error: The sandbox is not in sync with the Podfile.lock. Run 'pod install' or update your CocoaPods installation.\" >&2\n    exit 1\nfi\n# This output is used by Xcode 'outputs' to avoid re-running this script phase.\necho \"SUCCESS\" > \"${SCRIPT_OUTPUT_FILE_0}\"\n";
			showEnvVarsInLog = 0;
		};
/* End PBXShellScriptBuildPhase section */

/* Begin PBXSourcesBuildPhase section */
		3B5552271F38F1EB00C8E26F /* Sources */ = {
			isa = PBXSourcesBuildPhase;
			buildActionMask = 2147483647;
			files = (
				3B5552311F38F1EB00C8E26F /* ViewController.swift in Sources */,
				77C339A71F45D5D500948F6D /* requestTranslationModel.swift in Sources */,
				3B4813FE1F425D4300563A4E /* articlePageViewController.swift in Sources */,
				3BD3AB521F3F4C28006A34DE /* articleModel.swift in Sources */,
				3B55522F1F38F1EB00C8E26F /* AppDelegate.swift in Sources */,
				3B4813FA1F42192E00563A4E /* cellModel.swift in Sources */,
			);
			runOnlyForDeploymentPostprocessing = 0;
		};
/* End PBXSourcesBuildPhase section */

/* Begin PBXVariantGroup section */
		3B5552321F38F1EB00C8E26F /* Main.storyboard */ = {
			isa = PBXVariantGroup;
			children = (
				3B5552331F38F1EB00C8E26F /* Base */,
			);
			name = Main.storyboard;
			sourceTree = "<group>";
		};
		3B5552371F38F1EB00C8E26F /* LaunchScreen.storyboard */ = {
			isa = PBXVariantGroup;
			children = (
				3B5552381F38F1EB00C8E26F /* Base */,
			);
			name = LaunchScreen.storyboard;
			sourceTree = "<group>";
		};
/* End PBXVariantGroup section */

/* Begin XCBuildConfiguration section */
		3B55523B1F38F1EB00C8E26F /* Debug */ = {
			isa = XCBuildConfiguration;
			buildSettings = {
				ALWAYS_SEARCH_USER_PATHS = NO;
				CLANG_ANALYZER_NONNULL = YES;
				CLANG_ANALYZER_NUMBER_OBJECT_CONVERSION = YES_AGGRESSIVE;
				CLANG_CXX_LANGUAGE_STANDARD = "gnu++0x";
				CLANG_CXX_LIBRARY = "libc++";
				CLANG_ENABLE_MODULES = YES;
				CLANG_ENABLE_OBJC_ARC = YES;
				CLANG_WARN_BOOL_CONVERSION = YES;
				CLANG_WARN_CONSTANT_CONVERSION = YES;
				CLANG_WARN_DIRECT_OBJC_ISA_USAGE = YES_ERROR;
				CLANG_WARN_DOCUMENTATION_COMMENTS = YES;
				CLANG_WARN_EMPTY_BODY = YES;
				CLANG_WARN_ENUM_CONVERSION = YES;
				CLANG_WARN_INFINITE_RECURSION = YES;
				CLANG_WARN_INT_CONVERSION = YES;
				CLANG_WARN_OBJC_ROOT_CLASS = YES_ERROR;
				CLANG_WARN_SUSPICIOUS_MOVE = YES;
				CLANG_WARN_UNREACHABLE_CODE = YES;
				CLANG_WARN__DUPLICATE_METHOD_MATCH = YES;
				"CODE_SIGN_IDENTITY[sdk=iphoneos*]" = "iPhone Developer";
				COPY_PHASE_STRIP = NO;
				DEBUG_INFORMATION_FORMAT = dwarf;
				ENABLE_STRICT_OBJC_MSGSEND = YES;
				ENABLE_TESTABILITY = YES;
				GCC_C_LANGUAGE_STANDARD = gnu99;
				GCC_DYNAMIC_NO_PIC = NO;
				GCC_NO_COMMON_BLOCKS = YES;
				GCC_OPTIMIZATION_LEVEL = 0;
				GCC_PREPROCESSOR_DEFINITIONS = (
					"DEBUG=1",
					"$(inherited)",
				);
				GCC_WARN_64_TO_32_BIT_CONVERSION = YES;
				GCC_WARN_ABOUT_RETURN_TYPE = YES_ERROR;
				GCC_WARN_UNDECLARED_SELECTOR = YES;
				GCC_WARN_UNINITIALIZED_AUTOS = YES_AGGRESSIVE;
				GCC_WARN_UNUSED_FUNCTION = YES;
				GCC_WARN_UNUSED_VARIABLE = YES;
				IPHONEOS_DEPLOYMENT_TARGET = 10.3;
				MTL_ENABLE_DEBUG_INFO = YES;
				ONLY_ACTIVE_ARCH = YES;
				SDKROOT = iphoneos;
				SWIFT_ACTIVE_COMPILATION_CONDITIONS = DEBUG;
				SWIFT_OPTIMIZATION_LEVEL = "-Onone";
			};
			name = Debug;
		};
		3B55523C1F38F1EB00C8E26F /* Release */ = {
			isa = XCBuildConfiguration;
			buildSettings = {
				ALWAYS_SEARCH_USER_PATHS = NO;
				CLANG_ANALYZER_NONNULL = YES;
				CLANG_ANALYZER_NUMBER_OBJECT_CONVERSION = YES_AGGRESSIVE;
				CLANG_CXX_LANGUAGE_STANDARD = "gnu++0x";
				CLANG_CXX_LIBRARY = "libc++";
				CLANG_ENABLE_MODULES = YES;
				CLANG_ENABLE_OBJC_ARC = YES;
				CLANG_WARN_BOOL_CONVERSION = YES;
				CLANG_WARN_CONSTANT_CONVERSION = YES;
				CLANG_WARN_DIRECT_OBJC_ISA_USAGE = YES_ERROR;
				CLANG_WARN_DOCUMENTATION_COMMENTS = YES;
				CLANG_WARN_EMPTY_BODY = YES;
				CLANG_WARN_ENUM_CONVERSION = YES;
				CLANG_WARN_INFINITE_RECURSION = YES;
				CLANG_WARN_INT_CONVERSION = YES;
				CLANG_WARN_OBJC_ROOT_CLASS = YES_ERROR;
				CLANG_WARN_SUSPICIOUS_MOVE = YES;
				CLANG_WARN_UNREACHABLE_CODE = YES;
				CLANG_WARN__DUPLICATE_METHOD_MATCH = YES;
				"CODE_SIGN_IDENTITY[sdk=iphoneos*]" = "iPhone Developer";
				COPY_PHASE_STRIP = NO;
				DEBUG_INFORMATION_FORMAT = "dwarf-with-dsym";
				ENABLE_NS_ASSERTIONS = NO;
				ENABLE_STRICT_OBJC_MSGSEND = YES;
				GCC_C_LANGUAGE_STANDARD = gnu99;
				GCC_NO_COMMON_BLOCKS = YES;
				GCC_WARN_64_TO_32_BIT_CONVERSION = YES;
				GCC_WARN_ABOUT_RETURN_TYPE = YES_ERROR;
				GCC_WARN_UNDECLARED_SELECTOR = YES;
				GCC_WARN_UNINITIALIZED_AUTOS = YES_AGGRESSIVE;
				GCC_WARN_UNUSED_FUNCTION = YES;
				GCC_WARN_UNUSED_VARIABLE = YES;
				IPHONEOS_DEPLOYMENT_TARGET = 10.3;
				MTL_ENABLE_DEBUG_INFO = NO;
				SDKROOT = iphoneos;
				SWIFT_OPTIMIZATION_LEVEL = "-Owholemodule";
				VALIDATE_PRODUCT = YES;
			};
			name = Release;
		};
		3B55523E1F38F1EB00C8E26F /* Debug */ = {
			isa = XCBuildConfiguration;
			baseConfigurationReference = F9E227009BDD467001609D4A /* Pods-WiredArticlesApp.debug.xcconfig */;
			buildSettings = {
				ASSETCATALOG_COMPILER_APPICON_NAME = AppIcon;
				DEVELOPMENT_TEAM = SJYB86L23S;
				INFOPLIST_FILE = WiredArticlesApp/Info.plist;
				LD_RUNPATH_SEARCH_PATHS = "$(inherited) @executable_path/Frameworks";
				PRODUCT_BUNDLE_IDENTIFIER = com.olmaditekrar.WiredArticlesApp;
				PRODUCT_NAME = "$(TARGET_NAME)";
				SWIFT_VERSION = 3.0;
			};
			name = Debug;
		};
		3B55523F1F38F1EB00C8E26F /* Release */ = {
			isa = XCBuildConfiguration;
			baseConfigurationReference = 19A55D13928AFE96670EF105 /* Pods-WiredArticlesApp.release.xcconfig */;
			buildSettings = {
				ASSETCATALOG_COMPILER_APPICON_NAME = AppIcon;
				DEVELOPMENT_TEAM = SJYB86L23S;
				INFOPLIST_FILE = WiredArticlesApp/Info.plist;
				LD_RUNPATH_SEARCH_PATHS = "$(inherited) @executable_path/Frameworks";
				PRODUCT_BUNDLE_IDENTIFIER = com.olmaditekrar.WiredArticlesApp;
				PRODUCT_NAME = "$(TARGET_NAME)";
				SWIFT_VERSION = 3.0;
			};
			name = Release;
		};
/* End XCBuildConfiguration section */

/* Begin XCConfigurationList section */
		3B5552261F38F1EB00C8E26F /* Build configuration list for PBXProject "WiredArticlesApp" */ = {
			isa = XCConfigurationList;
			buildConfigurations = (
				3B55523B1F38F1EB00C8E26F /* Debug */,
				3B55523C1F38F1EB00C8E26F /* Release */,
			);
			defaultConfigurationIsVisible = 0;
			defaultConfigurationName = Release;
		};
		3B55523D1F38F1EB00C8E26F /* Build configuration list for PBXNativeTarget "WiredArticlesApp" */ = {
			isa = XCConfigurationList;
			buildConfigurations = (
				3B55523E1F38F1EB00C8E26F /* Debug */,
				3B55523F1F38F1EB00C8E26F /* Release */,
			);
			defaultConfigurationIsVisible = 0;
			defaultConfigurationName = Release;
		};
/* End XCConfigurationList section */
	};
	rootObject = 3B5552231F38F1EB00C8E26F /* Project object */;
}
